
Microsoft Visual Studio Solution File, Format Version 12.00
# Visual Studio Version 16
VisualStudioVersion = 16.0.29519.181
MinimumVisualStudioVersion = 10.0.40219.1
Project("{F184B08F-C81C-45F6-A57F-5ABD9991F28F}") = "CrewSys", "CrewSys\CrewSys.vbproj", "{17B3E5CC-BA2B-4E93-A29C-FD8C5FBBAD54}"
EndProject
Project("{2150E333-8FDC-42A3-9474-1A3956D46DE8}") = "Solution Items", "Solution Items", "{C1966816-F74B-4448-AB63-B904B0F16635}"
	ProjectSection(SolutionItems) = preProject
		.editorconfig = .editorconfig
	EndProjectSection
EndProject
Global
	GlobalSection(SolutionConfigurationPlatforms) = preSolution
		Debug|Any CPU = Debug|Any CPU
		Release|Any CPU = Release|Any CPU
	EndGlobalSection
	GlobalSection(ProjectConfigurationPlatforms) = postSolution
		{17B3E5CC-BA2B-4E93-A29C-FD8C5FBBAD54}.Debug|Any CPU.ActiveCfg = Debug|Any CPU
		{17B3E5CC-BA2B-4E93-A29C-FD8C5FBBAD54}.Debug|Any CPU.Build.0 = Debug|Any CPU
		{17B3E5CC-BA2B-4E93-A29C-FD8C5FBBAD54}.Release|Any CPU.ActiveCfg = Release|Any CPU
		{17B3E5CC-BA2B-4E93-A29C-FD8C5FBBAD54}.Release|Any CPU.Build.0 = Release|Any CPU
	EndGlobalSection
	GlobalSection(SolutionProperties) = preSolution
		HideSolutionNode = FALSE
	EndGlobalSection
	GlobalSection(ExtensibilityGlobals) = postSolution
		SolutionGuid = {0A10002F-8965-4069-8E93-DA70C2163DB8}
	EndGlobalSection
EndGlobal
